
Microsoft Visual Studio Solution File, Format Version 12.00
# Visual Studio 14
VisualStudioVersion = 14.0.25420.1
MinimumVisualStudioVersion = 10.0.40219.1
Project("{FAE04EC0-301F-11D3-BF4B-00C04F79EFBC}") = "EJ1", "EJ1\EJ1.csproj", "{77D8A4E6-C18A-4088-A803-E205EBAE0CAA}"
EndProject
Project("{FAE04EC0-301F-11D3-BF4B-00C04F79EFBC}") = "EJ2", "WindowsFormsApplication1\EJ2.csproj", "{C2D372C5-2ED2-4A7C-B786-1E7B6F5275EC}"
EndProject
Project("{FAE04EC0-301F-11D3-BF4B-00C04F79EFBC}") = "EJ3", "EJ3\EJ3.csproj", "{88919467-AC46-4D8A-BE88-B6B753528E99}"
EndProject
Project("{FAE04EC0-301F-11D3-BF4B-00C04F79EFBC}") = "EJ5", "EJ5\EJ5.csproj", "{F22F235F-B4B3-4A97-BA93-D70258EBC85D}"
EndProject
Project("{FAE04EC0-301F-11D3-BF4B-00C04F79EFBC}") = "EJ6", "EJ6\EJ6.csproj", "{64C4971F-EC7E-4983-B9C2-C41D2A80B143}"
EndProject
Project("{FAE04EC0-301F-11D3-BF4B-00C04F79EFBC}") = "EJ8", "EJ8\EJ8.csproj", "{4F8E0A9D-A2B0-4B4D-851D-1B68F0867378}"
EndProject
Global
	GlobalSection(SolutionConfigurationPlatforms) = preSolution
		Debug|Any CPU = Debug|Any CPU
		Release|Any CPU = Release|Any CPU
	EndGlobalSection
	GlobalSection(ProjectConfigurationPlatforms) = postSolution
		{77D8A4E6-C18A-4088-A803-E205EBAE0CAA}.Debug|Any CPU.ActiveCfg = Debug|Any CPU
		{77D8A4E6-C18A-4088-A803-E205EBAE0CAA}.Debug|Any CPU.Build.0 = Debug|Any CPU
		{77D8A4E6-C18A-4088-A803-E205EBAE0CAA}.Release|Any CPU.ActiveCfg = Release|Any CPU
		{77D8A4E6-C18A-4088-A803-E205EBAE0CAA}.Release|Any CPU.Build.0 = Release|Any CPU
		{C2D372C5-2ED2-4A7C-B786-1E7B6F5275EC}.Debug|Any CPU.ActiveCfg = Debug|Any CPU
		{C2D372C5-2ED2-4A7C-B786-1E7B6F5275EC}.Debug|Any CPU.Build.0 = Debug|Any CPU
		{C2D372C5-2ED2-4A7C-B786-1E7B6F5275EC}.Release|Any CPU.ActiveCfg = Release|Any CPU
		{C2D372C5-2ED2-4A7C-B786-1E7B6F5275EC}.Release|Any CPU.Build.0 = Release|Any CPU
		{88919467-AC46-4D8A-BE88-B6B753528E99}.Debug|Any CPU.ActiveCfg = Debug|Any CPU
		{88919467-AC46-4D8A-BE88-B6B753528E99}.Debug|Any CPU.Build.0 = Debug|Any CPU
		{88919467-AC46-4D8A-BE88-B6B753528E99}.Release|Any CPU.ActiveCfg = Release|Any CPU
		{88919467-AC46-4D8A-BE88-B6B753528E99}.Release|Any CPU.Build.0 = Release|Any CPU
		{F22F235F-B4B3-4A97-BA93-D70258EBC85D}.Debug|Any CPU.ActiveCfg = Debug|Any CPU
		{F22F235F-B4B3-4A97-BA93-D70258EBC85D}.Debug|Any CPU.Build.0 = Debug|Any CPU
		{F22F235F-B4B3-4A97-BA93-D70258EBC85D}.Release|Any CPU.ActiveCfg = Release|Any CPU
		{F22F235F-B4B3-4A97-BA93-D70258EBC85D}.Release|Any CPU.Build.0 = Release|Any CPU
		{64C4971F-EC7E-4983-B9C2-C41D2A80B143}.Debug|Any CPU.ActiveCfg = Debug|Any CPU
		{64C4971F-EC7E-4983-B9C2-C41D2A80B143}.Debug|Any CPU.Build.0 = Debug|Any CPU
		{64C4971F-EC7E-4983-B9C2-C41D2A80B143}.Release|Any CPU.ActiveCfg = Release|Any CPU
		{64C4971F-EC7E-4983-B9C2-C41D2A80B143}.Release|Any CPU.Build.0 = Release|Any CPU
		{4F8E0A9D-A2B0-4B4D-851D-1B68F0867378}.Debug|Any CPU.ActiveCfg = Debug|Any CPU
		{4F8E0A9D-A2B0-4B4D-851D-1B68F0867378}.Debug|Any CPU.Build.0 = Debug|Any CPU
		{4F8E0A9D-A2B0-4B4D-851D-1B68F0867378}.Release|Any CPU.ActiveCfg = Release|Any CPU
		{4F8E0A9D-A2B0-4B4D-851D-1B68F0867378}.Release|Any CPU.Build.0 = Release|Any CPU
	EndGlobalSection
	GlobalSection(SolutionProperties) = preSolution
		HideSolutionNode = FALSE
	EndGlobalSection
EndGlobal
